// !$*UTF8*$!
{
	archiveVersion = 1;
	classes = {
	};
	objectVersion = 56;
	objects = {

/* Begin PBXBuildFile section */
		102BC7592CA9326900B4CBF8 /* MapSearchView.swift in Sources */ = {isa = PBXBuildFile; fileRef = 102BC7582CA9326900B4CBF8 /* MapSearchView.swift */; };
		102BC7602CA93BDA00B4CBF8 /* GooglePlaces in Frameworks */ = {isa = PBXBuildFile; productRef = 102BC75F2CA93BDA00B4CBF8 /* GooglePlaces */; };
		102BC7622CA93BDA00B4CBF8 /* GoogleMaps in Frameworks */ = {isa = PBXBuildFile; productRef = 102BC7612CA93BDA00B4CBF8 /* GoogleMaps */; };
		10410B5B2C9BFC170016662D /* DayStops.swift in Sources */ = {isa = PBXBuildFile; fileRef = 10410B5A2C9BFC170016662D /* DayStops.swift */; };
		10410B5D2C9C04840016662D /* TransportationView.swift in Sources */ = {isa = PBXBuildFile; fileRef = 10410B5C2C9C04840016662D /* TransportationView.swift */; };
		105E35B72C00CB0A0047E2F1 /* TravelPlan.swift in Sources */ = {isa = PBXBuildFile; fileRef = 105E35B62C00CB0A0047E2F1 /* TravelPlan.swift */; };
		105E35B92C00CB520047E2F1 /* Day.swift in Sources */ = {isa = PBXBuildFile; fileRef = 105E35B82C00CB520047E2F1 /* Day.swift */; };
		105E35BB2C00CB640047E2F1 /* Place.swift in Sources */ = {isa = PBXBuildFile; fileRef = 105E35BA2C00CB640047E2F1 /* Place.swift */; };
		105E35BD2C00CB8F0047E2F1 /* Transportation.swift in Sources */ = {isa = PBXBuildFile; fileRef = 105E35BC2C00CB8F0047E2F1 /* Transportation.swift */; };
		106EA1E82BF6F76100DC5661 /* Stop.swift in Sources */ = {isa = PBXBuildFile; fileRef = 106EA1E72BF6F76100DC5661 /* Stop.swift */; };
		108C00DC2C5FAD6700A40CA0 /* UserViewModel.swift in Sources */ = {isa = PBXBuildFile; fileRef = 108C00DB2C5FAD6700A40CA0 /* UserViewModel.swift */; };
		1092160B2C2EAF4C0038DD61 /* AuthViewModel.swift in Sources */ = {isa = PBXBuildFile; fileRef = 1092160A2C2EAF4C0038DD61 /* AuthViewModel.swift */; };
		1092160D2C2EAFD20038DD61 /* User.swift in Sources */ = {isa = PBXBuildFile; fileRef = 1092160C2C2EAFD20038DD61 /* User.swift */; };
		10A855882C00CC9A004F0207 /* TravelPlenViewModel.swift in Sources */ = {isa = PBXBuildFile; fileRef = 10A855872C00CC9A004F0207 /* TravelPlenViewModel.swift */; };
		10C40B192C7B522600DF1198 /* ChatViewModel.swift in Sources */ = {isa = PBXBuildFile; fileRef = 10C40B182C7B522600DF1198 /* ChatViewModel.swift */; };
		10C55EC42BF0A09B000751EE /* ecoTripApp.swift in Sources */ = {isa = PBXBuildFile; fileRef = 10C55EC32BF0A09B000751EE /* ecoTripApp.swift */; };
		10C55EC82BF0A09C000751EE /* Assets.xcassets in Resources */ = {isa = PBXBuildFile; fileRef = 10C55EC72BF0A09C000751EE /* Assets.xcassets */; };
		10C55ECB2BF0A09C000751EE /* Preview Assets.xcassets in Resources */ = {isa = PBXBuildFile; fileRef = 10C55ECA2BF0A09C000751EE /* Preview Assets.xcassets */; };
		10C55ED52BF0A09C000751EE /* ecoTripTests.swift in Sources */ = {isa = PBXBuildFile; fileRef = 10C55ED42BF0A09C000751EE /* ecoTripTests.swift */; };
		10C55EDF2BF0A09C000751EE /* ecoTripUITests.swift in Sources */ = {isa = PBXBuildFile; fileRef = 10C55EDE2BF0A09C000751EE /* ecoTripUITests.swift */; };
		10C55EE12BF0A09C000751EE /* ecoTripUITestsLaunchTests.swift in Sources */ = {isa = PBXBuildFile; fileRef = 10C55EE02BF0A09C000751EE /* ecoTripUITestsLaunchTests.swift */; };
		10D38D9E2CA93DAB001AE774 /* ContentView.swift in Sources */ = {isa = PBXBuildFile; fileRef = 10D38D9D2CA93DAB001AE774 /* ContentView.swift */; };
		10D38DA02CA9446D001AE774 /* MapViewModel.swift in Sources */ = {isa = PBXBuildFile; fileRef = 10D38D9F2CA9446D001AE774 /* MapViewModel.swift */; };
		10D38DA22CA9447F001AE774 /* PlaceModel.swift in Sources */ = {isa = PBXBuildFile; fileRef = 10D38DA12CA9447F001AE774 /* PlaceModel.swift */; };
		10D38DA42CA94907001AE774 /* LocationManager.swift in Sources */ = {isa = PBXBuildFile; fileRef = 10D38DA32CA94907001AE774 /* LocationManager.swift */; };
		10D38DA62CA96BAF001AE774 /* PlaceDetailView.swift in Sources */ = {isa = PBXBuildFile; fileRef = 10D38DA52CA96BAF001AE774 /* PlaceDetailView.swift */; };
		10D38DA82CA99C0F001AE774 /* TestView.swift in Sources */ = {isa = PBXBuildFile; fileRef = 10D38DA72CA99C0F001AE774 /* TestView.swift */; };
		10DA61052C4404A700EAE64B /* RootView.swift in Sources */ = {isa = PBXBuildFile; fileRef = 10DA61042C4404A700EAE64B /* RootView.swift */; };
		10DBB5672C2EF6760065B0D1 /* PlaceViewModel.swift in Sources */ = {isa = PBXBuildFile; fileRef = 10DBB5662C2EF6760065B0D1 /* PlaceViewModel.swift */; };
		10E814892CA29C8400E3D974 /* LocationSuggestionViewModel.swift in Sources */ = {isa = PBXBuildFile; fileRef = 10E814882CA29C8400E3D974 /* LocationSuggestionViewModel.swift */; };
		FD07AC952C60C5B9007DF6DB /* AccomPicker.swift in Sources */ = {isa = PBXBuildFile; fileRef = FD07AC942C60C5B9007DF6DB /* AccomPicker.swift */; };
		FD07AC972C625B0B007DF6DB /* ColorManager.swift in Sources */ = {isa = PBXBuildFile; fileRef = FD07AC962C625B0B007DF6DB /* ColorManager.swift */; };
		FD1D0F772C3D1098002704D6 /* PlacePicker.swift in Sources */ = {isa = PBXBuildFile; fileRef = FD1D0F762C3D1098002704D6 /* PlacePicker.swift */; };
		FD1D0F792C3D72A6002704D6 /* DatePick.swift in Sources */ = {isa = PBXBuildFile; fileRef = FD1D0F782C3D72A6002704D6 /* DatePick.swift */; };
		FD1D0F7B2C3D798E002704D6 /* RidePicker.swift in Sources */ = {isa = PBXBuildFile; fileRef = FD1D0F7A2C3D798E002704D6 /* RidePicker.swift */; };
		FD1D0F7D2C3E6C72002704D6 /* NewJourneyView.swift in Sources */ = {isa = PBXBuildFile; fileRef = FD1D0F7C2C3E6C72002704D6 /* NewJourneyView.swift */; };
		FD2282EC2CA3FD3800C2B6D8 /* MyPlansView.swift in Sources */ = {isa = PBXBuildFile; fileRef = FD2282EB2CA3FD2D00C2B6D8 /* MyPlansView.swift */; };
		FD28659A2C70DE7F00C23DC4 /* ChangeRideView.swift in Sources */ = {isa = PBXBuildFile; fileRef = FD2865992C70DE7F00C23DC4 /* ChangeRideView.swift */; };
		FD3E492B2C79DDED00C3FFAE /* PlanMenuView.swift in Sources */ = {isa = PBXBuildFile; fileRef = FD3E492A2C79DDED00C3FFAE /* PlanMenuView.swift */; };
		FD3F3C7F2C5685B100879509 /* ChatPlan.swift in Sources */ = {isa = PBXBuildFile; fileRef = FD3F3C7E2C5685B100879509 /* ChatPlan.swift */; };
		FD47687F2C3533B900C01DA6 /* PlaceView.swift in Sources */ = {isa = PBXBuildFile; fileRef = FD47687E2C3533B900C01DA6 /* PlaceView.swift */; };
		FD4768812C35355800C01DA6 /* PlaceListView.swift in Sources */ = {isa = PBXBuildFile; fileRef = FD4768802C35355800C01DA6 /* PlaceListView.swift */; };
		FD4768832C35384E00C01DA6 /* DropViewDelegate.swift in Sources */ = {isa = PBXBuildFile; fileRef = FD4768822C35384E00C01DA6 /* DropViewDelegate.swift */; };
		FD5162BB2C8988C300CF0A9B /* PopularPlansView.swift in Sources */ = {isa = PBXBuildFile; fileRef = FD5162BA2C8988C300CF0A9B /* PopularPlansView.swift */; };
		FD5162BD2C898C5400CF0A9B /* OtherAppsView.swift in Sources */ = {isa = PBXBuildFile; fileRef = FD5162BC2C898C5400CF0A9B /* OtherAppsView.swift */; };
		FD601C242C3298D1000443BE /* PlanView.swift in Sources */ = {isa = PBXBuildFile; fileRef = FD601C232C3298D1000443BE /* PlanView.swift */; };
		FD6189D42C626138004ED264 /* Demo.swift in Sources */ = {isa = PBXBuildFile; fileRef = FD6189D32C626138004ED264 /* Demo.swift */; };
		FD7090712C2F00E500209E72 /* SiteInfoView.swift in Sources */ = {isa = PBXBuildFile; fileRef = FD7090702C2F00E500209E72 /* SiteInfoView.swift */; };
		FD8C9E4C2C03278B00C5BBF0 /* ChatView.swift in Sources */ = {isa = PBXBuildFile; fileRef = FD8C9E4B2C03278B00C5BBF0 /* ChatView.swift */; };
		FD8C9E4E2C03281400C5BBF0 /* File.swift in Sources */ = {isa = PBXBuildFile; fileRef = FD8C9E4D2C03281400C5BBF0 /* File.swift */; };
		FD8CD7F12C8AB611003F63AD /* NewPlanView.swift in Sources */ = {isa = PBXBuildFile; fileRef = FD8CD7F02C8AB611003F63AD /* NewPlanView.swift */; };
		FD9341C32CA53A9B00C71DDA /* JourneyPicker.swift in Sources */ = {isa = PBXBuildFile; fileRef = FD9341C22CA53A7E00C71DDA /* JourneyPicker.swift */; };
		FD9DCF8F2C3BE0090044C14B /* PlaceChoice.swift in Sources */ = {isa = PBXBuildFile; fileRef = FD9DCF8E2C3BE0090044C14B /* PlaceChoice.swift */; };
		FDA587832C3190F1000EFB2C /* SearchView.swift in Sources */ = {isa = PBXBuildFile; fileRef = FDA587822C3190F0000EFB2C /* SearchView.swift */; };
		FDAB26052C4E46A700CED5EC /* ProfileView.swift in Sources */ = {isa = PBXBuildFile; fileRef = FDAB26042C4E46A700CED5EC /* ProfileView.swift */; };
		FDAB26092C4E5EE900CED5EC /* LeafView.swift in Sources */ = {isa = PBXBuildFile; fileRef = FDAB26082C4E5EE900CED5EC /* LeafView.swift */; };
		FDAB260B2C4E5F0700CED5EC /* HeartView.swift in Sources */ = {isa = PBXBuildFile; fileRef = FDAB260A2C4E5F0700CED5EC /* HeartView.swift */; };
		FDAB260D2C4E5F2800CED5EC /* SuitcaseView.swift in Sources */ = {isa = PBXBuildFile; fileRef = FDAB260C2C4E5F2800CED5EC /* SuitcaseView.swift */; };
		FDC1728F2C58C9E000706856 /* ChatTransport.swift in Sources */ = {isa = PBXBuildFile; fileRef = FDC1728E2C58C9E000706856 /* ChatTransport.swift */; };
		FDC172912C58C9F100706856 /* ChatTicket.swift in Sources */ = {isa = PBXBuildFile; fileRef = FDC172902C58C9F100706856 /* ChatTicket.swift */; };
		FDC172932C58C9FE00706856 /* ChatAccom.swift in Sources */ = {isa = PBXBuildFile; fileRef = FDC172922C58C9FE00706856 /* ChatAccom.swift */; };
		FDC172952C591AF700706856 /* PopUp.swift in Sources */ = {isa = PBXBuildFile; fileRef = FDC172942C591AF700706856 /* PopUp.swift */; };
		FDE297722C1EFCAE00FE09FC /* LandingView.swift in Sources */ = {isa = PBXBuildFile; fileRef = FDE297712C1EFCAE00FE09FC /* LandingView.swift */; };
		FDE297742C1F1A9500FE09FC /* LoginView.swift in Sources */ = {isa = PBXBuildFile; fileRef = FDE297732C1F1A9500FE09FC /* LoginView.swift */; };
		FDE297762C1F1AA300FE09FC /* SignupView.swift in Sources */ = {isa = PBXBuildFile; fileRef = FDE297752C1F1AA300FE09FC /* SignupView.swift */; };
		FDE297782C26646800FE09FC /* MenuView.swift in Sources */ = {isa = PBXBuildFile; fileRef = FDE297772C26646800FE09FC /* MenuView.swift */; };
/* End PBXBuildFile section */

/* Begin PBXContainerItemProxy section */
		10C55ED12BF0A09C000751EE /* PBXContainerItemProxy */ = {
			isa = PBXContainerItemProxy;
			containerPortal = 10C55EB82BF0A09B000751EE /* Project object */;
			proxyType = 1;
			remoteGlobalIDString = 10C55EBF2BF0A09B000751EE;
			remoteInfo = ecoTrip;
		};
		10C55EDB2BF0A09C000751EE /* PBXContainerItemProxy */ = {
			isa = PBXContainerItemProxy;
			containerPortal = 10C55EB82BF0A09B000751EE /* Project object */;
			proxyType = 1;
			remoteGlobalIDString = 10C55EBF2BF0A09B000751EE;
			remoteInfo = ecoTrip;
		};
/* End PBXContainerItemProxy section */

/* Begin PBXFileReference section */
		102BC7582CA9326900B4CBF8 /* MapSearchView.swift */ = {isa = PBXFileReference; lastKnownFileType = sourcecode.swift; path = MapSearchView.swift; sourceTree = "<group>"; };
		10410B5A2C9BFC170016662D /* DayStops.swift */ = {isa = PBXFileReference; lastKnownFileType = sourcecode.swift; path = DayStops.swift; sourceTree = "<group>"; };
		10410B5C2C9C04840016662D /* TransportationView.swift */ = {isa = PBXFileReference; lastKnownFileType = sourcecode.swift; path = TransportationView.swift; sourceTree = "<group>"; };
		105E35B62C00CB0A0047E2F1 /* TravelPlan.swift */ = {isa = PBXFileReference; lastKnownFileType = sourcecode.swift; path = TravelPlan.swift; sourceTree = "<group>"; };
		105E35B82C00CB520047E2F1 /* Day.swift */ = {isa = PBXFileReference; lastKnownFileType = sourcecode.swift; path = Day.swift; sourceTree = "<group>"; };
		105E35BA2C00CB640047E2F1 /* Place.swift */ = {isa = PBXFileReference; lastKnownFileType = sourcecode.swift; path = Place.swift; sourceTree = "<group>"; };
		105E35BC2C00CB8F0047E2F1 /* Transportation.swift */ = {isa = PBXFileReference; lastKnownFileType = sourcecode.swift; path = Transportation.swift; sourceTree = "<group>"; };
		106EA1E72BF6F76100DC5661 /* Stop.swift */ = {isa = PBXFileReference; lastKnownFileType = sourcecode.swift; path = Stop.swift; sourceTree = "<group>"; };
		108C00DB2C5FAD6700A40CA0 /* UserViewModel.swift */ = {isa = PBXFileReference; lastKnownFileType = sourcecode.swift; path = UserViewModel.swift; sourceTree = "<group>"; };
		1092160A2C2EAF4C0038DD61 /* AuthViewModel.swift */ = {isa = PBXFileReference; lastKnownFileType = sourcecode.swift; path = AuthViewModel.swift; sourceTree = "<group>"; };
		1092160C2C2EAFD20038DD61 /* User.swift */ = {isa = PBXFileReference; lastKnownFileType = sourcecode.swift; path = User.swift; sourceTree = "<group>"; };
		10A855872C00CC9A004F0207 /* TravelPlenViewModel.swift */ = {isa = PBXFileReference; lastKnownFileType = sourcecode.swift; path = TravelPlenViewModel.swift; sourceTree = "<group>"; };
		10C40B182C7B522600DF1198 /* ChatViewModel.swift */ = {isa = PBXFileReference; lastKnownFileType = sourcecode.swift; path = ChatViewModel.swift; sourceTree = "<group>"; };
		10C55EC02BF0A09B000751EE /* ecoTrip.app */ = {isa = PBXFileReference; explicitFileType = wrapper.application; includeInIndex = 0; path = ecoTrip.app; sourceTree = BUILT_PRODUCTS_DIR; };
		10C55EC32BF0A09B000751EE /* ecoTripApp.swift */ = {isa = PBXFileReference; lastKnownFileType = sourcecode.swift; path = ecoTripApp.swift; sourceTree = "<group>"; };
		10C55EC72BF0A09C000751EE /* Assets.xcassets */ = {isa = PBXFileReference; lastKnownFileType = folder.assetcatalog; path = Assets.xcassets; sourceTree = "<group>"; };
		10C55ECA2BF0A09C000751EE /* Preview Assets.xcassets */ = {isa = PBXFileReference; lastKnownFileType = folder.assetcatalog; path = "Preview Assets.xcassets"; sourceTree = "<group>"; };
		10C55ED02BF0A09C000751EE /* ecoTripTests.xctest */ = {isa = PBXFileReference; explicitFileType = wrapper.cfbundle; includeInIndex = 0; path = ecoTripTests.xctest; sourceTree = BUILT_PRODUCTS_DIR; };
		10C55ED42BF0A09C000751EE /* ecoTripTests.swift */ = {isa = PBXFileReference; lastKnownFileType = sourcecode.swift; path = ecoTripTests.swift; sourceTree = "<group>"; };
		10C55EDA2BF0A09C000751EE /* ecoTripUITests.xctest */ = {isa = PBXFileReference; explicitFileType = wrapper.cfbundle; includeInIndex = 0; path = ecoTripUITests.xctest; sourceTree = BUILT_PRODUCTS_DIR; };
		10C55EDE2BF0A09C000751EE /* ecoTripUITests.swift */ = {isa = PBXFileReference; lastKnownFileType = sourcecode.swift; path = ecoTripUITests.swift; sourceTree = "<group>"; };
		10C55EE02BF0A09C000751EE /* ecoTripUITestsLaunchTests.swift */ = {isa = PBXFileReference; lastKnownFileType = sourcecode.swift; path = ecoTripUITestsLaunchTests.swift; sourceTree = "<group>"; };
		10D38D9D2CA93DAB001AE774 /* ContentView.swift */ = {isa = PBXFileReference; lastKnownFileType = sourcecode.swift; path = ContentView.swift; sourceTree = "<group>"; };
		10D38D9F2CA9446D001AE774 /* MapViewModel.swift */ = {isa = PBXFileReference; lastKnownFileType = sourcecode.swift; path = MapViewModel.swift; sourceTree = "<group>"; };
		10D38DA12CA9447F001AE774 /* PlaceModel.swift */ = {isa = PBXFileReference; lastKnownFileType = sourcecode.swift; path = PlaceModel.swift; sourceTree = "<group>"; };
		10D38DA32CA94907001AE774 /* LocationManager.swift */ = {isa = PBXFileReference; lastKnownFileType = sourcecode.swift; path = LocationManager.swift; sourceTree = "<group>"; };
		10D38DA52CA96BAF001AE774 /* PlaceDetailView.swift */ = {isa = PBXFileReference; lastKnownFileType = sourcecode.swift; path = PlaceDetailView.swift; sourceTree = "<group>"; };
		10D38DA72CA99C0F001AE774 /* TestView.swift */ = {isa = PBXFileReference; lastKnownFileType = sourcecode.swift; path = TestView.swift; sourceTree = "<group>"; };
		10DA61042C4404A700EAE64B /* RootView.swift */ = {isa = PBXFileReference; lastKnownFileType = sourcecode.swift; path = RootView.swift; sourceTree = "<group>"; };
		10DBB5662C2EF6760065B0D1 /* PlaceViewModel.swift */ = {isa = PBXFileReference; lastKnownFileType = sourcecode.swift; path = PlaceViewModel.swift; sourceTree = "<group>"; };
		10E814882CA29C8400E3D974 /* LocationSuggestionViewModel.swift */ = {isa = PBXFileReference; lastKnownFileType = sourcecode.swift; path = LocationSuggestionViewModel.swift; sourceTree = "<group>"; };
		FD07AC942C60C5B9007DF6DB /* AccomPicker.swift */ = {isa = PBXFileReference; lastKnownFileType = sourcecode.swift; path = AccomPicker.swift; sourceTree = "<group>"; };
		FD07AC962C625B0B007DF6DB /* ColorManager.swift */ = {isa = PBXFileReference; lastKnownFileType = sourcecode.swift; path = ColorManager.swift; sourceTree = "<group>"; };
		FD1D0F762C3D1098002704D6 /* PlacePicker.swift */ = {isa = PBXFileReference; lastKnownFileType = sourcecode.swift; path = PlacePicker.swift; sourceTree = "<group>"; };
		FD1D0F782C3D72A6002704D6 /* DatePick.swift */ = {isa = PBXFileReference; lastKnownFileType = sourcecode.swift; path = DatePick.swift; sourceTree = "<group>"; };
		FD1D0F7A2C3D798E002704D6 /* RidePicker.swift */ = {isa = PBXFileReference; lastKnownFileType = sourcecode.swift; path = RidePicker.swift; sourceTree = "<group>"; };
		FD1D0F7C2C3E6C72002704D6 /* NewJourneyView.swift */ = {isa = PBXFileReference; lastKnownFileType = sourcecode.swift; path = NewJourneyView.swift; sourceTree = "<group>"; };
		FD2282EB2CA3FD2D00C2B6D8 /* MyPlansView.swift */ = {isa = PBXFileReference; lastKnownFileType = sourcecode.swift; path = MyPlansView.swift; sourceTree = "<group>"; };
		FD2865992C70DE7F00C23DC4 /* ChangeRideView.swift */ = {isa = PBXFileReference; lastKnownFileType = sourcecode.swift; path = ChangeRideView.swift; sourceTree = "<group>"; };
		FD3E492A2C79DDED00C3FFAE /* PlanMenuView.swift */ = {isa = PBXFileReference; lastKnownFileType = sourcecode.swift; path = PlanMenuView.swift; sourceTree = "<group>"; };
		FD3F3C7E2C5685B100879509 /* ChatPlan.swift */ = {isa = PBXFileReference; lastKnownFileType = sourcecode.swift; path = ChatPlan.swift; sourceTree = "<group>"; };
		FD47687E2C3533B900C01DA6 /* PlaceView.swift */ = {isa = PBXFileReference; lastKnownFileType = sourcecode.swift; path = PlaceView.swift; sourceTree = "<group>"; };
		FD4768802C35355800C01DA6 /* PlaceListView.swift */ = {isa = PBXFileReference; lastKnownFileType = sourcecode.swift; path = PlaceListView.swift; sourceTree = "<group>"; };
		FD4768822C35384E00C01DA6 /* DropViewDelegate.swift */ = {isa = PBXFileReference; lastKnownFileType = sourcecode.swift; path = DropViewDelegate.swift; sourceTree = "<group>"; };
		FD5162BA2C8988C300CF0A9B /* PopularPlansView.swift */ = {isa = PBXFileReference; lastKnownFileType = sourcecode.swift; path = PopularPlansView.swift; sourceTree = "<group>"; };
		FD5162BC2C898C5400CF0A9B /* OtherAppsView.swift */ = {isa = PBXFileReference; lastKnownFileType = sourcecode.swift; path = OtherAppsView.swift; sourceTree = "<group>"; };
		FD601C232C3298D1000443BE /* PlanView.swift */ = {isa = PBXFileReference; lastKnownFileType = sourcecode.swift; path = PlanView.swift; sourceTree = "<group>"; };
		FD6189D32C626138004ED264 /* Demo.swift */ = {isa = PBXFileReference; lastKnownFileType = sourcecode.swift; path = Demo.swift; sourceTree = "<group>"; };
		FD7090702C2F00E500209E72 /* SiteInfoView.swift */ = {isa = PBXFileReference; lastKnownFileType = sourcecode.swift; path = SiteInfoView.swift; sourceTree = "<group>"; };
		FD8C9E4B2C03278B00C5BBF0 /* ChatView.swift */ = {isa = PBXFileReference; lastKnownFileType = sourcecode.swift; path = ChatView.swift; sourceTree = "<group>"; };
		FD8C9E4D2C03281400C5BBF0 /* File.swift */ = {isa = PBXFileReference; lastKnownFileType = sourcecode.swift; path = File.swift; sourceTree = "<group>"; };
		FD8CD7F02C8AB611003F63AD /* NewPlanView.swift */ = {isa = PBXFileReference; lastKnownFileType = sourcecode.swift; path = NewPlanView.swift; sourceTree = "<group>"; };
		FD9341C22CA53A7E00C71DDA /* JourneyPicker.swift */ = {isa = PBXFileReference; lastKnownFileType = sourcecode.swift; path = JourneyPicker.swift; sourceTree = "<group>"; };
		FD9DCF8E2C3BE0090044C14B /* PlaceChoice.swift */ = {isa = PBXFileReference; lastKnownFileType = sourcecode.swift; path = PlaceChoice.swift; sourceTree = "<group>"; };
		FDA587822C3190F0000EFB2C /* SearchView.swift */ = {isa = PBXFileReference; lastKnownFileType = sourcecode.swift; path = SearchView.swift; sourceTree = "<group>"; };
		FDAB26042C4E46A700CED5EC /* ProfileView.swift */ = {isa = PBXFileReference; lastKnownFileType = sourcecode.swift; path = ProfileView.swift; sourceTree = "<group>"; };
		FDAB26082C4E5EE900CED5EC /* LeafView.swift */ = {isa = PBXFileReference; lastKnownFileType = sourcecode.swift; path = LeafView.swift; sourceTree = "<group>"; };
		FDAB260A2C4E5F0700CED5EC /* HeartView.swift */ = {isa = PBXFileReference; lastKnownFileType = sourcecode.swift; path = HeartView.swift; sourceTree = "<group>"; };
		FDAB260C2C4E5F2800CED5EC /* SuitcaseView.swift */ = {isa = PBXFileReference; lastKnownFileType = sourcecode.swift; path = SuitcaseView.swift; sourceTree = "<group>"; };
		FDC1728E2C58C9E000706856 /* ChatTransport.swift */ = {isa = PBXFileReference; lastKnownFileType = sourcecode.swift; path = ChatTransport.swift; sourceTree = "<group>"; };
		FDC172902C58C9F100706856 /* ChatTicket.swift */ = {isa = PBXFileReference; lastKnownFileType = sourcecode.swift; path = ChatTicket.swift; sourceTree = "<group>"; };
		FDC172922C58C9FE00706856 /* ChatAccom.swift */ = {isa = PBXFileReference; lastKnownFileType = sourcecode.swift; path = ChatAccom.swift; sourceTree = "<group>"; };
		FDC172942C591AF700706856 /* PopUp.swift */ = {isa = PBXFileReference; lastKnownFileType = sourcecode.swift; path = PopUp.swift; sourceTree = "<group>"; };
		FDE297712C1EFCAE00FE09FC /* LandingView.swift */ = {isa = PBXFileReference; lastKnownFileType = sourcecode.swift; path = LandingView.swift; sourceTree = "<group>"; };
		FDE297732C1F1A9500FE09FC /* LoginView.swift */ = {isa = PBXFileReference; lastKnownFileType = sourcecode.swift; path = LoginView.swift; sourceTree = "<group>"; };
		FDE297752C1F1AA300FE09FC /* SignupView.swift */ = {isa = PBXFileReference; lastKnownFileType = sourcecode.swift; path = SignupView.swift; sourceTree = "<group>"; };
		FDE297772C26646800FE09FC /* MenuView.swift */ = {isa = PBXFileReference; lastKnownFileType = sourcecode.swift; path = MenuView.swift; sourceTree = "<group>"; };
		FDF878A62C50D3FF00CC7B3D /* Info.plist */ = {isa = PBXFileReference; lastKnownFileType = text.plist; path = Info.plist; sourceTree = "<group>"; };
/* End PBXFileReference section */

/* Begin PBXFrameworksBuildPhase section */
		10C55EBD2BF0A09B000751EE /* Frameworks */ = {
			isa = PBXFrameworksBuildPhase;
			buildActionMask = 2147483647;
			files = (
				102BC7622CA93BDA00B4CBF8 /* GoogleMaps in Frameworks */,
				102BC7602CA93BDA00B4CBF8 /* GooglePlaces in Frameworks */,
			);
			runOnlyForDeploymentPostprocessing = 0;
		};
		10C55ECD2BF0A09C000751EE /* Frameworks */ = {
			isa = PBXFrameworksBuildPhase;
			buildActionMask = 2147483647;
			files = (
			);
			runOnlyForDeploymentPostprocessing = 0;
		};
		10C55ED72BF0A09C000751EE /* Frameworks */ = {
			isa = PBXFrameworksBuildPhase;
			buildActionMask = 2147483647;
			files = (
			);
			runOnlyForDeploymentPostprocessing = 0;
		};
/* End PBXFrameworksBuildPhase section */

/* Begin PBXGroup section */
		102BC75A2CA93B9900B4CBF8 /* test */ = {
			isa = PBXGroup;
			children = (
				10D38DA52CA96BAF001AE774 /* PlaceDetailView.swift */,
				10D38DA32CA94907001AE774 /* LocationManager.swift */,
				10D38DA12CA9447F001AE774 /* PlaceModel.swift */,
				10D38D9F2CA9446D001AE774 /* MapViewModel.swift */,
				10D38D9D2CA93DAB001AE774 /* ContentView.swift */,
			);
			path = test;
			sourceTree = "<group>";
		};
		105E35BE2C00CC0F0047E2F1 /* ViewModels */ = {
			isa = PBXGroup;
			children = (
				10A855872C00CC9A004F0207 /* TravelPlenViewModel.swift */,
				10DBB5662C2EF6760065B0D1 /* PlaceViewModel.swift */,
				1092160A2C2EAF4C0038DD61 /* AuthViewModel.swift */,
				108C00DB2C5FAD6700A40CA0 /* UserViewModel.swift */,
				10C40B182C7B522600DF1198 /* ChatViewModel.swift */,
				10E814882CA29C8400E3D974 /* LocationSuggestionViewModel.swift */,
			);
			path = ViewModels;
			sourceTree = "<group>";
		};
		106EA1E62BF6F74700DC5661 /* Models */ = {
			isa = PBXGroup;
			children = (
				106EA1E72BF6F76100DC5661 /* Stop.swift */,
				105E35BC2C00CB8F0047E2F1 /* Transportation.swift */,
				105E35B62C00CB0A0047E2F1 /* TravelPlan.swift */,
				105E35B82C00CB520047E2F1 /* Day.swift */,
				105E35BA2C00CB640047E2F1 /* Place.swift */,
				FD8C9E4D2C03281400C5BBF0 /* File.swift */,
				1092160C2C2EAFD20038DD61 /* User.swift */,
				FD4768822C35384E00C01DA6 /* DropViewDelegate.swift */,
				10410B5A2C9BFC170016662D /* DayStops.swift */,
			);
			path = Models;
			sourceTree = "<group>";
		};
		10A855892C00CCB8004F0207 /* Views */ = {
			isa = PBXGroup;
			children = (
				102BC75A2CA93B9900B4CBF8 /* test */,
				FDE297772C26646800FE09FC /* MenuView.swift */,
				FDE297712C1EFCAE00FE09FC /* LandingView.swift */,
				10DA61042C4404A700EAE64B /* RootView.swift */,
				FDE297732C1F1A9500FE09FC /* LoginView.swift */,
				FDE297752C1F1AA300FE09FC /* SignupView.swift */,
				FD7090702C2F00E500209E72 /* SiteInfoView.swift */,
				FDA587822C3190F0000EFB2C /* SearchView.swift */,
				FD5162BC2C898C5400CF0A9B /* OtherAppsView.swift */,
				FD3F3C7D2C56856800879509 /* Chat */,
				FD4D02552C3BDEE30037F969 /* 行程 */,
				FDAB260E2C4E5F5D00CED5EC /* Profile */,
			);
			path = Views;
			sourceTree = "<group>";
		};
		10C55EB72BF0A09B000751EE = {
			isa = PBXGroup;
			children = (
				10C55EC22BF0A09B000751EE /* ecoTrip */,
				10C55ED32BF0A09C000751EE /* ecoTripTests */,
				10C55EDD2BF0A09C000751EE /* ecoTripUITests */,
				10C55EC12BF0A09B000751EE /* Products */,
				10D2FC922C8DD94B00DDD99A /* Frameworks */,
			);
			sourceTree = "<group>";
		};
		10C55EC12BF0A09B000751EE /* Products */ = {
			isa = PBXGroup;
			children = (
				10C55EC02BF0A09B000751EE /* ecoTrip.app */,
				10C55ED02BF0A09C000751EE /* ecoTripTests.xctest */,
				10C55EDA2BF0A09C000751EE /* ecoTripUITests.xctest */,
			);
			name = Products;
			sourceTree = "<group>";
		};
		10C55EC22BF0A09B000751EE /* ecoTrip */ = {
			isa = PBXGroup;
			children = (
				FDF878A62C50D3FF00CC7B3D /* Info.plist */,
				10A855892C00CCB8004F0207 /* Views */,
				FD07AC962C625B0B007DF6DB /* ColorManager.swift */,
				105E35BE2C00CC0F0047E2F1 /* ViewModels */,
				106EA1E62BF6F74700DC5661 /* Models */,
				10C55EC32BF0A09B000751EE /* ecoTripApp.swift */,
				10D38DA72CA99C0F001AE774 /* TestView.swift */,
				10C55EC72BF0A09C000751EE /* Assets.xcassets */,
				10C55EC92BF0A09C000751EE /* Preview Content */,
			);
			path = ecoTrip;
			sourceTree = "<group>";
		};
		10C55EC92BF0A09C000751EE /* Preview Content */ = {
			isa = PBXGroup;
			children = (
				10C55ECA2BF0A09C000751EE /* Preview Assets.xcassets */,
			);
			path = "Preview Content";
			sourceTree = "<group>";
		};
		10C55ED32BF0A09C000751EE /* ecoTripTests */ = {
			isa = PBXGroup;
			children = (
				10C55ED42BF0A09C000751EE /* ecoTripTests.swift */,
			);
			path = ecoTripTests;
			sourceTree = "<group>";
		};
		10C55EDD2BF0A09C000751EE /* ecoTripUITests */ = {
			isa = PBXGroup;
			children = (
				10C55EDE2BF0A09C000751EE /* ecoTripUITests.swift */,
				10C55EE02BF0A09C000751EE /* ecoTripUITestsLaunchTests.swift */,
			);
			path = ecoTripUITests;
			sourceTree = "<group>";
		};
		10D2FC922C8DD94B00DDD99A /* Frameworks */ = {
			isa = PBXGroup;
			children = (
			);
			name = Frameworks;
			sourceTree = "<group>";
		};
		FD3F3C7D2C56856800879509 /* Chat */ = {
			isa = PBXGroup;
			children = (
				FD8C9E4B2C03278B00C5BBF0 /* ChatView.swift */,
				FD3F3C7E2C5685B100879509 /* ChatPlan.swift */,
				FDC1728E2C58C9E000706856 /* ChatTransport.swift */,
				FDC172902C58C9F100706856 /* ChatTicket.swift */,
				FDC172922C58C9FE00706856 /* ChatAccom.swift */,
				FDC172942C591AF700706856 /* PopUp.swift */,
				FD07AC942C60C5B9007DF6DB /* AccomPicker.swift */,
			);
			path = Chat;
			sourceTree = "<group>";
		};
		FD4D02552C3BDEE30037F969 /* 行程 */ = {
			isa = PBXGroup;
			children = (
				102BC7582CA9326900B4CBF8 /* MapSearchView.swift */,
				FD9341C22CA53A7E00C71DDA /* JourneyPicker.swift */,
				FD2282EB2CA3FD2D00C2B6D8 /* MyPlansView.swift */,
				FD3E492A2C79DDED00C3FFAE /* PlanMenuView.swift */,
				FD5162BA2C8988C300CF0A9B /* PopularPlansView.swift */,
				FD1D0F7C2C3E6C72002704D6 /* NewJourneyView.swift */,
				FD601C232C3298D1000443BE /* PlanView.swift */,
				FD47687E2C3533B900C01DA6 /* PlaceView.swift */,
				FD4768802C35355800C01DA6 /* PlaceListView.swift */,
				FD9DCF8E2C3BE0090044C14B /* PlaceChoice.swift */,
				FD1D0F762C3D1098002704D6 /* PlacePicker.swift */,
				FD1D0F782C3D72A6002704D6 /* DatePick.swift */,
				FD1D0F7A2C3D798E002704D6 /* RidePicker.swift */,
				FD6189D32C626138004ED264 /* Demo.swift */,
				FD2865992C70DE7F00C23DC4 /* ChangeRideView.swift */,
				FD8CD7F02C8AB611003F63AD /* NewPlanView.swift */,
				10410B5C2C9C04840016662D /* TransportationView.swift */,
			);
			path = "行程";
			sourceTree = "<group>";
		};
		FDAB260E2C4E5F5D00CED5EC /* Profile */ = {
			isa = PBXGroup;
			children = (
				FDAB26042C4E46A700CED5EC /* ProfileView.swift */,
				FDAB260C2C4E5F2800CED5EC /* SuitcaseView.swift */,
				FDAB260A2C4E5F0700CED5EC /* HeartView.swift */,
				FDAB26082C4E5EE900CED5EC /* LeafView.swift */,
			);
			path = Profile;
			sourceTree = "<group>";
		};
/* End PBXGroup section */

/* Begin PBXNativeTarget section */
		10C55EBF2BF0A09B000751EE /* ecoTrip */ = {
			isa = PBXNativeTarget;
			buildConfigurationList = 10C55EE42BF0A09C000751EE /* Build configuration list for PBXNativeTarget "ecoTrip" */;
			buildPhases = (
				10C55EBC2BF0A09B000751EE /* Sources */,
				10C55EBD2BF0A09B000751EE /* Frameworks */,
				10C55EBE2BF0A09B000751EE /* Resources */,
			);
			buildRules = (
			);
			dependencies = (
			);
			name = ecoTrip;
			packageProductDependencies = (
				102BC75F2CA93BDA00B4CBF8 /* GooglePlaces */,
				102BC7612CA93BDA00B4CBF8 /* GoogleMaps */,
			);
			productName = ecoTrip;
			productReference = 10C55EC02BF0A09B000751EE /* ecoTrip.app */;
			productType = "com.apple.product-type.application";
		};
		10C55ECF2BF0A09C000751EE /* ecoTripTests */ = {
			isa = PBXNativeTarget;
			buildConfigurationList = 10C55EE72BF0A09C000751EE /* Build configuration list for PBXNativeTarget "ecoTripTests" */;
			buildPhases = (
				10C55ECC2BF0A09C000751EE /* Sources */,
				10C55ECD2BF0A09C000751EE /* Frameworks */,
				10C55ECE2BF0A09C000751EE /* Resources */,
			);
			buildRules = (
			);
			dependencies = (
				10C55ED22BF0A09C000751EE /* PBXTargetDependency */,
			);
			name = ecoTripTests;
			productName = ecoTripTests;
			productReference = 10C55ED02BF0A09C000751EE /* ecoTripTests.xctest */;
			productType = "com.apple.product-type.bundle.unit-test";
		};
		10C55ED92BF0A09C000751EE /* ecoTripUITests */ = {
			isa = PBXNativeTarget;
			buildConfigurationList = 10C55EEA2BF0A09C000751EE /* Build configuration list for PBXNativeTarget "ecoTripUITests" */;
			buildPhases = (
				10C55ED62BF0A09C000751EE /* Sources */,
				10C55ED72BF0A09C000751EE /* Frameworks */,
				10C55ED82BF0A09C000751EE /* Resources */,
			);
			buildRules = (
			);
			dependencies = (
				10C55EDC2BF0A09C000751EE /* PBXTargetDependency */,
			);
			name = ecoTripUITests;
			productName = ecoTripUITests;
			productReference = 10C55EDA2BF0A09C000751EE /* ecoTripUITests.xctest */;
			productType = "com.apple.product-type.bundle.ui-testing";
		};
/* End PBXNativeTarget section */

/* Begin PBXProject section */
		10C55EB82BF0A09B000751EE /* Project object */ = {
			isa = PBXProject;
			attributes = {
				BuildIndependentTargetsInParallel = 1;
				LastSwiftUpdateCheck = 1530;
				LastUpgradeCheck = 1530;
				TargetAttributes = {
					10C55EBF2BF0A09B000751EE = {
						CreatedOnToolsVersion = 15.3;
					};
					10C55ECF2BF0A09C000751EE = {
						CreatedOnToolsVersion = 15.3;
						TestTargetID = 10C55EBF2BF0A09B000751EE;
					};
					10C55ED92BF0A09C000751EE = {
						CreatedOnToolsVersion = 15.3;
						TestTargetID = 10C55EBF2BF0A09B000751EE;
					};
				};
			};
			buildConfigurationList = 10C55EBB2BF0A09B000751EE /* Build configuration list for PBXProject "ecoTrip" */;
			compatibilityVersion = "Xcode 14.0";
			developmentRegion = en;
			hasScannedForEncodings = 0;
			knownRegions = (
				en,
				Base,
			);
			mainGroup = 10C55EB72BF0A09B000751EE;
			packageReferences = (
				102BC75D2CA93BBA00B4CBF8 /* XCRemoteSwiftPackageReference "ios-places-sdk" */,
				102BC75E2CA93BCF00B4CBF8 /* XCRemoteSwiftPackageReference "ios-maps-sdk" */,
			);
			productRefGroup = 10C55EC12BF0A09B000751EE /* Products */;
			projectDirPath = "";
			projectRoot = "";
			targets = (
				10C55EBF2BF0A09B000751EE /* ecoTrip */,
				10C55ECF2BF0A09C000751EE /* ecoTripTests */,
				10C55ED92BF0A09C000751EE /* ecoTripUITests */,
			);
		};
/* End PBXProject section */

/* Begin PBXResourcesBuildPhase section */
		10C55EBE2BF0A09B000751EE /* Resources */ = {
			isa = PBXResourcesBuildPhase;
			buildActionMask = 2147483647;
			files = (
				10C55ECB2BF0A09C000751EE /* Preview Assets.xcassets in Resources */,
				10C55EC82BF0A09C000751EE /* Assets.xcassets in Resources */,
			);
			runOnlyForDeploymentPostprocessing = 0;
		};
		10C55ECE2BF0A09C000751EE /* Resources */ = {
			isa = PBXResourcesBuildPhase;
			buildActionMask = 2147483647;
			files = (
			);
			runOnlyForDeploymentPostprocessing = 0;
		};
		10C55ED82BF0A09C000751EE /* Resources */ = {
			isa = PBXResourcesBuildPhase;
			buildActionMask = 2147483647;
			files = (
			);
			runOnlyForDeploymentPostprocessing = 0;
		};
/* End PBXResourcesBuildPhase section */

/* Begin PBXSourcesBuildPhase section */
		10C55EBC2BF0A09B000751EE /* Sources */ = {
			isa = PBXSourcesBuildPhase;
			buildActionMask = 2147483647;
			files = (
				FDAB26092C4E5EE900CED5EC /* LeafView.swift in Sources */,
				FDC172952C591AF700706856 /* PopUp.swift in Sources */,
				10D38D9E2CA93DAB001AE774 /* ContentView.swift in Sources */,
				FD9DCF8F2C3BE0090044C14B /* PlaceChoice.swift in Sources */,
				105E35B72C00CB0A0047E2F1 /* TravelPlan.swift in Sources */,
				FD5162BB2C8988C300CF0A9B /* PopularPlansView.swift in Sources */,
				102BC7592CA9326900B4CBF8 /* MapSearchView.swift in Sources */,
				FD8C9E4E2C03281400C5BBF0 /* File.swift in Sources */,
				10C55EC42BF0A09B000751EE /* ecoTripApp.swift in Sources */,
				105E35BB2C00CB640047E2F1 /* Place.swift in Sources */,
				10D38DA02CA9446D001AE774 /* MapViewModel.swift in Sources */,
				10DA61052C4404A700EAE64B /* RootView.swift in Sources */,
				FDC172912C58C9F100706856 /* ChatTicket.swift in Sources */,
				FD1D0F772C3D1098002704D6 /* PlacePicker.swift in Sources */,
				FDAB260B2C4E5F0700CED5EC /* HeartView.swift in Sources */,
				FD3E492B2C79DDED00C3FFAE /* PlanMenuView.swift in Sources */,
				105E35B92C00CB520047E2F1 /* Day.swift in Sources */,
				10D38DA42CA94907001AE774 /* LocationManager.swift in Sources */,
				FD1D0F7D2C3E6C72002704D6 /* NewJourneyView.swift in Sources */,
				FD4768812C35355800C01DA6 /* PlaceListView.swift in Sources */,
				FD8C9E4C2C03278B00C5BBF0 /* ChatView.swift in Sources */,
				10410B5B2C9BFC170016662D /* DayStops.swift in Sources */,
				FDAB26052C4E46A700CED5EC /* ProfileView.swift in Sources */,
				FD7090712C2F00E500209E72 /* SiteInfoView.swift in Sources */,
				FD4768832C35384E00C01DA6 /* DropViewDelegate.swift in Sources */,
				10E814892CA29C8400E3D974 /* LocationSuggestionViewModel.swift in Sources */,
				10D38DA22CA9447F001AE774 /* PlaceModel.swift in Sources */,
				1092160B2C2EAF4C0038DD61 /* AuthViewModel.swift in Sources */,
				FDA587832C3190F1000EFB2C /* SearchView.swift in Sources */,
				FDE297742C1F1A9500FE09FC /* LoginView.swift in Sources */,
				10D38DA82CA99C0F001AE774 /* TestView.swift in Sources */,
				FDE297782C26646800FE09FC /* MenuView.swift in Sources */,
				FDE297762C1F1AA300FE09FC /* SignupView.swift in Sources */,
				FD6189D42C626138004ED264 /* Demo.swift in Sources */,
				FDC1728F2C58C9E000706856 /* ChatTransport.swift in Sources */,
				FD1D0F7B2C3D798E002704D6 /* RidePicker.swift in Sources */,
				10A855882C00CC9A004F0207 /* TravelPlenViewModel.swift in Sources */,
				FD9341C32CA53A9B00C71DDA /* JourneyPicker.swift in Sources */,
				106EA1E82BF6F76100DC5661 /* Stop.swift in Sources */,
				FD07AC952C60C5B9007DF6DB /* AccomPicker.swift in Sources */,
				FDAB260D2C4E5F2800CED5EC /* SuitcaseView.swift in Sources */,
				1092160D2C2EAFD20038DD61 /* User.swift in Sources */,
				FD3F3C7F2C5685B100879509 /* ChatPlan.swift in Sources */,
				FD47687F2C3533B900C01DA6 /* PlaceView.swift in Sources */,
				10410B5D2C9C04840016662D /* TransportationView.swift in Sources */,
				FDE297722C1EFCAE00FE09FC /* LandingView.swift in Sources */,
				FD8CD7F12C8AB611003F63AD /* NewPlanView.swift in Sources */,
				FD2282EC2CA3FD3800C2B6D8 /* MyPlansView.swift in Sources */,
				FD07AC972C625B0B007DF6DB /* ColorManager.swift in Sources */,
				10DBB5672C2EF6760065B0D1 /* PlaceViewModel.swift in Sources */,
				105E35BD2C00CB8F0047E2F1 /* Transportation.swift in Sources */,
				10C40B192C7B522600DF1198 /* ChatViewModel.swift in Sources */,
				10D38DA62CA96BAF001AE774 /* PlaceDetailView.swift in Sources */,
				FD601C242C3298D1000443BE /* PlanView.swift in Sources */,
				FDC172932C58C9FE00706856 /* ChatAccom.swift in Sources */,
				FD5162BD2C898C5400CF0A9B /* OtherAppsView.swift in Sources */,
				108C00DC2C5FAD6700A40CA0 /* UserViewModel.swift in Sources */,
				FD28659A2C70DE7F00C23DC4 /* ChangeRideView.swift in Sources */,
				FD1D0F792C3D72A6002704D6 /* DatePick.swift in Sources */,
			);
			runOnlyForDeploymentPostprocessing = 0;
		};
		10C55ECC2BF0A09C000751EE /* Sources */ = {
			isa = PBXSourcesBuildPhase;
			buildActionMask = 2147483647;
			files = (
				10C55ED52BF0A09C000751EE /* ecoTripTests.swift in Sources */,
			);
			runOnlyForDeploymentPostprocessing = 0;
		};
		10C55ED62BF0A09C000751EE /* Sources */ = {
			isa = PBXSourcesBuildPhase;
			buildActionMask = 2147483647;
			files = (
				10C55EDF2BF0A09C000751EE /* ecoTripUITests.swift in Sources */,
				10C55EE12BF0A09C000751EE /* ecoTripUITestsLaunchTests.swift in Sources */,
			);
			runOnlyForDeploymentPostprocessing = 0;
		};
/* End PBXSourcesBuildPhase section */

/* Begin PBXTargetDependency section */
		10C55ED22BF0A09C000751EE /* PBXTargetDependency */ = {
			isa = PBXTargetDependency;
			target = 10C55EBF2BF0A09B000751EE /* ecoTrip */;
			targetProxy = 10C55ED12BF0A09C000751EE /* PBXContainerItemProxy */;
		};
		10C55EDC2BF0A09C000751EE /* PBXTargetDependency */ = {
			isa = PBXTargetDependency;
			target = 10C55EBF2BF0A09B000751EE /* ecoTrip */;
			targetProxy = 10C55EDB2BF0A09C000751EE /* PBXContainerItemProxy */;
		};
/* End PBXTargetDependency section */

/* Begin XCBuildConfiguration section */
		10C55EE22BF0A09C000751EE /* Debug */ = {
			isa = XCBuildConfiguration;
			buildSettings = {
				ALWAYS_SEARCH_USER_PATHS = NO;
				ASSETCATALOG_COMPILER_GENERATE_SWIFT_ASSET_SYMBOL_EXTENSIONS = YES;
				CLANG_ANALYZER_NONNULL = YES;
				CLANG_ANALYZER_NUMBER_OBJECT_CONVERSION = YES_AGGRESSIVE;
				CLANG_CXX_LANGUAGE_STANDARD = "gnu++20";
				CLANG_ENABLE_MODULES = YES;
				CLANG_ENABLE_OBJC_ARC = YES;
				CLANG_ENABLE_OBJC_WEAK = YES;
				CLANG_WARN_BLOCK_CAPTURE_AUTORELEASING = YES;
				CLANG_WARN_BOOL_CONVERSION = YES;
				CLANG_WARN_COMMA = YES;
				CLANG_WARN_CONSTANT_CONVERSION = YES;
				CLANG_WARN_DEPRECATED_OBJC_IMPLEMENTATIONS = YES;
				CLANG_WARN_DIRECT_OBJC_ISA_USAGE = YES_ERROR;
				CLANG_WARN_DOCUMENTATION_COMMENTS = YES;
				CLANG_WARN_EMPTY_BODY = YES;
				CLANG_WARN_ENUM_CONVERSION = YES;
				CLANG_WARN_INFINITE_RECURSION = YES;
				CLANG_WARN_INT_CONVERSION = YES;
				CLANG_WARN_NON_LITERAL_NULL_CONVERSION = YES;
				CLANG_WARN_OBJC_IMPLICIT_RETAIN_SELF = YES;
				CLANG_WARN_OBJC_LITERAL_CONVERSION = YES;
				CLANG_WARN_OBJC_ROOT_CLASS = YES_ERROR;
				CLANG_WARN_QUOTED_INCLUDE_IN_FRAMEWORK_HEADER = YES;
				CLANG_WARN_RANGE_LOOP_ANALYSIS = YES;
				CLANG_WARN_STRICT_PROTOTYPES = YES;
				CLANG_WARN_SUSPICIOUS_MOVE = YES;
				CLANG_WARN_UNGUARDED_AVAILABILITY = YES_AGGRESSIVE;
				CLANG_WARN_UNREACHABLE_CODE = YES;
				CLANG_WARN__DUPLICATE_METHOD_MATCH = YES;
				COPY_PHASE_STRIP = NO;
				DEBUG_INFORMATION_FORMAT = dwarf;
				ENABLE_STRICT_OBJC_MSGSEND = YES;
				ENABLE_TESTABILITY = YES;
				ENABLE_USER_SCRIPT_SANDBOXING = YES;
				GCC_C_LANGUAGE_STANDARD = gnu17;
				GCC_DYNAMIC_NO_PIC = NO;
				GCC_NO_COMMON_BLOCKS = YES;
				GCC_OPTIMIZATION_LEVEL = 0;
				GCC_PREPROCESSOR_DEFINITIONS = (
					"DEBUG=1",
					"$(inherited)",
				);
				GCC_WARN_64_TO_32_BIT_CONVERSION = YES;
				GCC_WARN_ABOUT_RETURN_TYPE = YES_ERROR;
				GCC_WARN_UNDECLARED_SELECTOR = YES;
				GCC_WARN_UNINITIALIZED_AUTOS = YES_AGGRESSIVE;
				GCC_WARN_UNUSED_FUNCTION = YES;
				GCC_WARN_UNUSED_VARIABLE = YES;
				IPHONEOS_DEPLOYMENT_TARGET = 17.4;
				LOCALIZATION_PREFERS_STRING_CATALOGS = YES;
				MTL_ENABLE_DEBUG_INFO = INCLUDE_SOURCE;
				MTL_FAST_MATH = YES;
				ONLY_ACTIVE_ARCH = YES;
				SDKROOT = iphoneos;
				SWIFT_ACTIVE_COMPILATION_CONDITIONS = "DEBUG $(inherited)";
				SWIFT_OPTIMIZATION_LEVEL = "-Onone";
			};
			name = Debug;
		};
		10C55EE32BF0A09C000751EE /* Release */ = {
			isa = XCBuildConfiguration;
			buildSettings = {
				ALWAYS_SEARCH_USER_PATHS = NO;
				ASSETCATALOG_COMPILER_GENERATE_SWIFT_ASSET_SYMBOL_EXTENSIONS = YES;
				CLANG_ANALYZER_NONNULL = YES;
				CLANG_ANALYZER_NUMBER_OBJECT_CONVERSION = YES_AGGRESSIVE;
				CLANG_CXX_LANGUAGE_STANDARD = "gnu++20";
				CLANG_ENABLE_MODULES = YES;
				CLANG_ENABLE_OBJC_ARC = YES;
				CLANG_ENABLE_OBJC_WEAK = YES;
				CLANG_WARN_BLOCK_CAPTURE_AUTORELEASING = YES;
				CLANG_WARN_BOOL_CONVERSION = YES;
				CLANG_WARN_COMMA = YES;
				CLANG_WARN_CONSTANT_CONVERSION = YES;
				CLANG_WARN_DEPRECATED_OBJC_IMPLEMENTATIONS = YES;
				CLANG_WARN_DIRECT_OBJC_ISA_USAGE = YES_ERROR;
				CLANG_WARN_DOCUMENTATION_COMMENTS = YES;
				CLANG_WARN_EMPTY_BODY = YES;
				CLANG_WARN_ENUM_CONVERSION = YES;
				CLANG_WARN_INFINITE_RECURSION = YES;
				CLANG_WARN_INT_CONVERSION = YES;
				CLANG_WARN_NON_LITERAL_NULL_CONVERSION = YES;
				CLANG_WARN_OBJC_IMPLICIT_RETAIN_SELF = YES;
				CLANG_WARN_OBJC_LITERAL_CONVERSION = YES;
				CLANG_WARN_OBJC_ROOT_CLASS = YES_ERROR;
				CLANG_WARN_QUOTED_INCLUDE_IN_FRAMEWORK_HEADER = YES;
				CLANG_WARN_RANGE_LOOP_ANALYSIS = YES;
				CLANG_WARN_STRICT_PROTOTYPES = YES;
				CLANG_WARN_SUSPICIOUS_MOVE = YES;
				CLANG_WARN_UNGUARDED_AVAILABILITY = YES_AGGRESSIVE;
				CLANG_WARN_UNREACHABLE_CODE = YES;
				CLANG_WARN__DUPLICATE_METHOD_MATCH = YES;
				COPY_PHASE_STRIP = NO;
				DEBUG_INFORMATION_FORMAT = "dwarf-with-dsym";
				ENABLE_NS_ASSERTIONS = NO;
				ENABLE_STRICT_OBJC_MSGSEND = YES;
				ENABLE_USER_SCRIPT_SANDBOXING = YES;
				GCC_C_LANGUAGE_STANDARD = gnu17;
				GCC_NO_COMMON_BLOCKS = YES;
				GCC_WARN_64_TO_32_BIT_CONVERSION = YES;
				GCC_WARN_ABOUT_RETURN_TYPE = YES_ERROR;
				GCC_WARN_UNDECLARED_SELECTOR = YES;
				GCC_WARN_UNINITIALIZED_AUTOS = YES_AGGRESSIVE;
				GCC_WARN_UNUSED_FUNCTION = YES;
				GCC_WARN_UNUSED_VARIABLE = YES;
				IPHONEOS_DEPLOYMENT_TARGET = 17.4;
				LOCALIZATION_PREFERS_STRING_CATALOGS = YES;
				MTL_ENABLE_DEBUG_INFO = NO;
				MTL_FAST_MATH = YES;
				SDKROOT = iphoneos;
				SWIFT_COMPILATION_MODE = wholemodule;
				VALIDATE_PRODUCT = YES;
			};
			name = Release;
		};
		10C55EE52BF0A09C000751EE /* Debug */ = {
			isa = XCBuildConfiguration;
			buildSettings = {
				ASSETCATALOG_COMPILER_APPICON_NAME = AppIcon;
				ASSETCATALOG_COMPILER_GLOBAL_ACCENT_COLOR_NAME = AccentColor;
				ASSETCATALOG_COMPILER_INCLUDE_ALL_APPICON_ASSETS = YES;
				CODE_SIGN_STYLE = Automatic;
				CURRENT_PROJECT_VERSION = 1;
				DEVELOPMENT_ASSET_PATHS = "\"ecoTrip/Preview Content\"";
				DEVELOPMENT_TEAM = KF7N8YK9UD;
				ENABLE_PREVIEWS = YES;
				GENERATE_INFOPLIST_FILE = YES;
				INFOPLIST_FILE = ecoTrip/Info.plist;
				INFOPLIST_KEY_NSLocationWhenInUseUsageDescription = "Show your location on the map";
				INFOPLIST_KEY_UIApplicationSceneManifest_Generation = YES;
				INFOPLIST_KEY_UIApplicationSupportsIndirectInputEvents = YES;
				INFOPLIST_KEY_UILaunchScreen_Generation = YES;
				INFOPLIST_KEY_UISupportedInterfaceOrientations_iPad = "UIInterfaceOrientationPortrait UIInterfaceOrientationPortraitUpsideDown UIInterfaceOrientationLandscapeLeft UIInterfaceOrientationLandscapeRight";
				INFOPLIST_KEY_UISupportedInterfaceOrientations_iPhone = "UIInterfaceOrientationPortrait UIInterfaceOrientationLandscapeLeft UIInterfaceOrientationLandscapeRight";
				INFOPLIST_KEY_UIUserInterfaceStyle = Light;
				IPHONEOS_DEPLOYMENT_TARGET = 16.0;
				LD_RUNPATH_SEARCH_PATHS = (
					"$(inherited)",
					"@executable_path/Frameworks",
				);
				MARKETING_VERSION = 1.0;
				NEW_SETTING = "";
				PRODUCT_BUNDLE_IDENTIFIER = com.MISProject.ecoTrip;
				PRODUCT_NAME = "$(TARGET_NAME)";
				SUPPORTED_PLATFORMS = "iphoneos iphonesimulator";
				SUPPORTS_MACCATALYST = NO;
				SUPPORTS_XR_DESIGNED_FOR_IPHONE_IPAD = NO;
				SWIFT_EMIT_LOC_STRINGS = YES;
				SWIFT_VERSION = 5.0;
				TARGETED_DEVICE_FAMILY = "1,2";
			};
			name = Debug;
		};
		10C55EE62BF0A09C000751EE /* Release */ = {
			isa = XCBuildConfiguration;
			buildSettings = {
				ASSETCATALOG_COMPILER_APPICON_NAME = AppIcon;
				ASSETCATALOG_COMPILER_GLOBAL_ACCENT_COLOR_NAME = AccentColor;
				ASSETCATALOG_COMPILER_INCLUDE_ALL_APPICON_ASSETS = YES;
				CODE_SIGN_STYLE = Automatic;
				CURRENT_PROJECT_VERSION = 1;
				DEVELOPMENT_ASSET_PATHS = "\"ecoTrip/Preview Content\"";
				DEVELOPMENT_TEAM = KF7N8YK9UD;
				ENABLE_PREVIEWS = YES;
				GENERATE_INFOPLIST_FILE = YES;
				INFOPLIST_FILE = ecoTrip/Info.plist;
				INFOPLIST_KEY_NSLocationWhenInUseUsageDescription = "Show your location on the map";
				INFOPLIST_KEY_UIApplicationSceneManifest_Generation = YES;
				INFOPLIST_KEY_UIApplicationSupportsIndirectInputEvents = YES;
				INFOPLIST_KEY_UILaunchScreen_Generation = YES;
				INFOPLIST_KEY_UISupportedInterfaceOrientations_iPad = "UIInterfaceOrientationPortrait UIInterfaceOrientationPortraitUpsideDown UIInterfaceOrientationLandscapeLeft UIInterfaceOrientationLandscapeRight";
				INFOPLIST_KEY_UISupportedInterfaceOrientations_iPhone = "UIInterfaceOrientationPortrait UIInterfaceOrientationLandscapeLeft UIInterfaceOrientationLandscapeRight";
				INFOPLIST_KEY_UIUserInterfaceStyle = Light;
				IPHONEOS_DEPLOYMENT_TARGET = 16.0;
				LD_RUNPATH_SEARCH_PATHS = (
					"$(inherited)",
					"@executable_path/Frameworks",
				);
				MARKETING_VERSION = 1.0;
				NEW_SETTING = "";
				PRODUCT_BUNDLE_IDENTIFIER = com.MISProject.ecoTrip;
				PRODUCT_NAME = "$(TARGET_NAME)";
				SUPPORTED_PLATFORMS = "iphoneos iphonesimulator";
				SUPPORTS_MACCATALYST = NO;
				SUPPORTS_XR_DESIGNED_FOR_IPHONE_IPAD = NO;
				SWIFT_EMIT_LOC_STRINGS = YES;
				SWIFT_VERSION = 5.0;
				TARGETED_DEVICE_FAMILY = "1,2";
			};
			name = Release;
		};
		10C55EE82BF0A09C000751EE /* Debug */ = {
			isa = XCBuildConfiguration;
			buildSettings = {
				ALWAYS_EMBED_SWIFT_STANDARD_LIBRARIES = YES;
				BUNDLE_LOADER = "$(TEST_HOST)";
				CODE_SIGN_STYLE = Automatic;
				CURRENT_PROJECT_VERSION = 1;
				GENERATE_INFOPLIST_FILE = YES;
				IPHONEOS_DEPLOYMENT_TARGET = 17.4;
				MARKETING_VERSION = 1.0;
				PRODUCT_BUNDLE_IDENTIFIER = com.MISProject.ecoTripTests;
				PRODUCT_NAME = "$(TARGET_NAME)";
				SWIFT_EMIT_LOC_STRINGS = NO;
				SWIFT_VERSION = 5.0;
				TARGETED_DEVICE_FAMILY = "1,2";
				TEST_HOST = "$(BUILT_PRODUCTS_DIR)/ecoTrip.app/$(BUNDLE_EXECUTABLE_FOLDER_PATH)/ecoTrip";
			};
			name = Debug;
		};
		10C55EE92BF0A09C000751EE /* Release */ = {
			isa = XCBuildConfiguration;
			buildSettings = {
				ALWAYS_EMBED_SWIFT_STANDARD_LIBRARIES = YES;
				BUNDLE_LOADER = "$(TEST_HOST)";
				CODE_SIGN_STYLE = Automatic;
				CURRENT_PROJECT_VERSION = 1;
				GENERATE_INFOPLIST_FILE = YES;
				IPHONEOS_DEPLOYMENT_TARGET = 17.4;
				MARKETING_VERSION = 1.0;
				PRODUCT_BUNDLE_IDENTIFIER = com.MISProject.ecoTripTests;
				PRODUCT_NAME = "$(TARGET_NAME)";
				SWIFT_EMIT_LOC_STRINGS = NO;
				SWIFT_VERSION = 5.0;
				TARGETED_DEVICE_FAMILY = "1,2";
				TEST_HOST = "$(BUILT_PRODUCTS_DIR)/ecoTrip.app/$(BUNDLE_EXECUTABLE_FOLDER_PATH)/ecoTrip";
			};
			name = Release;
		};
		10C55EEB2BF0A09C000751EE /* Debug */ = {
			isa = XCBuildConfiguration;
			buildSettings = {
				ALWAYS_EMBED_SWIFT_STANDARD_LIBRARIES = YES;
				CODE_SIGN_STYLE = Automatic;
				CURRENT_PROJECT_VERSION = 1;
				GENERATE_INFOPLIST_FILE = YES;
				MARKETING_VERSION = 1.0;
				PRODUCT_BUNDLE_IDENTIFIER = com.MISProject.ecoTripUITests;
				PRODUCT_NAME = "$(TARGET_NAME)";
				SWIFT_EMIT_LOC_STRINGS = NO;
				SWIFT_VERSION = 5.0;
				TARGETED_DEVICE_FAMILY = "1,2";
				TEST_TARGET_NAME = ecoTrip;
			};
			name = Debug;
		};
		10C55EEC2BF0A09C000751EE /* Release */ = {
			isa = XCBuildConfiguration;
			buildSettings = {
				ALWAYS_EMBED_SWIFT_STANDARD_LIBRARIES = YES;
				CODE_SIGN_STYLE = Automatic;
				CURRENT_PROJECT_VERSION = 1;
				GENERATE_INFOPLIST_FILE = YES;
				MARKETING_VERSION = 1.0;
				PRODUCT_BUNDLE_IDENTIFIER = com.MISProject.ecoTripUITests;
				PRODUCT_NAME = "$(TARGET_NAME)";
				SWIFT_EMIT_LOC_STRINGS = NO;
				SWIFT_VERSION = 5.0;
				TARGETED_DEVICE_FAMILY = "1,2";
				TEST_TARGET_NAME = ecoTrip;
			};
			name = Release;
		};
/* End XCBuildConfiguration section */

/* Begin XCConfigurationList section */
		10C55EBB2BF0A09B000751EE /* Build configuration list for PBXProject "ecoTrip" */ = {
			isa = XCConfigurationList;
			buildConfigurations = (
				10C55EE22BF0A09C000751EE /* Debug */,
				10C55EE32BF0A09C000751EE /* Release */,
			);
			defaultConfigurationIsVisible = 0;
			defaultConfigurationName = Release;
		};
		10C55EE42BF0A09C000751EE /* Build configuration list for PBXNativeTarget "ecoTrip" */ = {
			isa = XCConfigurationList;
			buildConfigurations = (
				10C55EE52BF0A09C000751EE /* Debug */,
				10C55EE62BF0A09C000751EE /* Release */,
			);
			defaultConfigurationIsVisible = 0;
			defaultConfigurationName = Release;
		};
		10C55EE72BF0A09C000751EE /* Build configuration list for PBXNativeTarget "ecoTripTests" */ = {
			isa = XCConfigurationList;
			buildConfigurations = (
				10C55EE82BF0A09C000751EE /* Debug */,
				10C55EE92BF0A09C000751EE /* Release */,
			);
			defaultConfigurationIsVisible = 0;
			defaultConfigurationName = Release;
		};
		10C55EEA2BF0A09C000751EE /* Build configuration list for PBXNativeTarget "ecoTripUITests" */ = {
			isa = XCConfigurationList;
			buildConfigurations = (
				10C55EEB2BF0A09C000751EE /* Debug */,
				10C55EEC2BF0A09C000751EE /* Release */,
			);
			defaultConfigurationIsVisible = 0;
			defaultConfigurationName = Release;
		};
/* End XCConfigurationList section */

/* Begin XCRemoteSwiftPackageReference section */
		102BC75D2CA93BBA00B4CBF8 /* XCRemoteSwiftPackageReference "ios-places-sdk" */ = {
			isa = XCRemoteSwiftPackageReference;
			repositoryURL = "https://github.com/googlemaps/ios-places-sdk";
			requirement = {
				kind = upToNextMajorVersion;
				minimumVersion = 9.1.0;
			};
		};
		102BC75E2CA93BCF00B4CBF8 /* XCRemoteSwiftPackageReference "ios-maps-sdk" */ = {
			isa = XCRemoteSwiftPackageReference;
			repositoryURL = "https://github.com/googlemaps/ios-maps-sdk";
			requirement = {
				kind = upToNextMajorVersion;
				minimumVersion = 9.1.1;
			};
		};
/* End XCRemoteSwiftPackageReference section */

/* Begin XCSwiftPackageProductDependency section */
		102BC75F2CA93BDA00B4CBF8 /* GooglePlaces */ = {
			isa = XCSwiftPackageProductDependency;
			package = 102BC75D2CA93BBA00B4CBF8 /* XCRemoteSwiftPackageReference "ios-places-sdk" */;
			productName = GooglePlaces;
		};
		102BC7612CA93BDA00B4CBF8 /* GoogleMaps */ = {
			isa = XCSwiftPackageProductDependency;
			package = 102BC75E2CA93BCF00B4CBF8 /* XCRemoteSwiftPackageReference "ios-maps-sdk" */;
			productName = GoogleMaps;
		};
/* End XCSwiftPackageProductDependency section */
	};
	rootObject = 10C55EB82BF0A09B000751EE /* Project object */;
}
