{
  "originHash" : "2ffc47eef530dcd286a374dd754c2669d984a565b6e8123110df35589f360589",
  "pins" : [
    {
      "identity" : "ios-maps-sdk",
      "kind" : "remoteSourceControl",
      "location" : "https://github.com/googlemaps/ios-maps-sdk",
      "state" : {
        "revision" : "3786e5028d868482ef88140117d33efd60828300",
        "version" : "9.1.1"
      }
    },
    {
      "identity" : "ios-places-sdk",
      "kind" : "remoteSourceControl",
      "location" : "https://github.com/googlemaps/ios-places-sdk",
      "state" : {
        "revision" : "7b3af6b3087b183444f6cb51dd80d416c98f9e53",
        "version" : "9.1.0"
      }
    },
    {
      "identity" : "ios-places-swift-sdk",
      "kind" : "remoteSourceControl",
      "location" : "https://github.com/googlemaps/ios-places-swift-sdk",
      "state" : {
        "revision" : "335244a0c8324c35555916596d7e6891a321710f",
        "version" : "0.2.0"
      }
    }
  ],
  "version" : 3
}
